// !$*UTF8*$!
{
	archiveVersion = 1;
	classes = {
	};
	objectVersion = 46;
	objects = {

/* Begin PBXBuildFile section */
		9820131C1E08C0F5001C02F7 /* main.m in Sources */ = {isa = PBXBuildFile; fileRef = 9820131B1E08C0F5001C02F7 /* main.m */; };
		9820131F1E08C0F5001C02F7 /* AppDelegate.m in Sources */ = {isa = PBXBuildFile; fileRef = 9820131E1E08C0F5001C02F7 /* AppDelegate.m */; };
		982013221E08C0F5001C02F7 /* ViewController.m in Sources */ = {isa = PBXBuildFile; fileRef = 982013211E08C0F5001C02F7 /* ViewController.m */; };
		982013271E08C0F5001C02F7 /* Assets.xcassets in Resources */ = {isa = PBXBuildFile; fileRef = 982013261E08C0F5001C02F7 /* Assets.xcassets */; };
		982013351E08C14F001C02F7 /* QuickVFL.framework in Frameworks */ = {isa = PBXBuildFile; fileRef = 982013331E08C14F001C02F7 /* QuickVFL.framework */; settings = {ATTRIBUTES = (Weak, ); }; };
		982013381E08C189001C02F7 /* DataCenter.m in Sources */ = {isa = PBXBuildFile; fileRef = 982013371E08C189001C02F7 /* DataCenter.m */; };
		9820133B1E08C3A0001C02F7 /* persons.db in Resources */ = {isa = PBXBuildFile; fileRef = 9820133A1E08C3A0001C02F7 /* persons.db */; };
		9820133E1E08C525001C02F7 /* Person.m in Sources */ = {isa = PBXBuildFile; fileRef = 9820133D1E08C525001C02F7 /* Person.m */; };
		982013411E08CBCC001C02F7 /* PersonTableViewCell.m in Sources */ = {isa = PBXBuildFile; fileRef = 982013401E08CBCC001C02F7 /* PersonTableViewCell.m */; };
		982013441E08CF14001C02F7 /* PersonListViewController.m in Sources */ = {isa = PBXBuildFile; fileRef = 982013431E08CF14001C02F7 /* PersonListViewController.m */; };
		982013481E08D121001C02F7 /* avatar.png in Resources */ = {isa = PBXBuildFile; fileRef = 982013471E08D121001C02F7 /* avatar.png */; };
		98A2C8811E137F7B009A3522 /* secretPersons.db in Resources */ = {isa = PBXBuildFile; fileRef = 98A2C8801E137F7B009A3522 /* secretPersons.db */; };
		98A2C8AE1E14E80A009A3522 /* Security.framework in Frameworks */ = {isa = PBXBuildFile; fileRef = 98A2C8AD1E14E80A009A3522 /* Security.framework */; };
		98A2C8BA1E14EEA0009A3522 /* QuickSQLite.framework in Frameworks */ = {isa = PBXBuildFile; fileRef = 98A2C8B91E14EEA0009A3522 /* QuickSQLite.framework */; settings = {ATTRIBUTES = (Weak, ); }; };
		98A2C8C31E14F330009A3522 /* DataCenterSecret.m in Sources */ = {isa = PBXBuildFile; fileRef = 98A2C8C21E14F330009A3522 /* DataCenterSecret.m */; };
		98A2C8C61E14F34F009A3522 /* DataCenterClear.m in Sources */ = {isa = PBXBuildFile; fileRef = 98A2C8C51E14F34F009A3522 /* DataCenterClear.m */; };
		98A2C8C91E14FA9E009A3522 /* PerformanceTesterViewController.m in Sources */ = {isa = PBXBuildFile; fileRef = 98A2C8C81E14FA9E009A3522 /* PerformanceTesterViewController.m */; };
/* End PBXBuildFile section */

/* Begin PBXFileReference section */
		982013171E08C0F5001C02F7 /* Quick SQLite Demo.app */ = {isa = PBXFileReference; explicitFileType = wrapper.application; includeInIndex = 0; path = "Quick SQLite Demo.app"; sourceTree = BUILT_PRODUCTS_DIR; };
		9820131B1E08C0F5001C02F7 /* main.m */ = {isa = PBXFileReference; lastKnownFileType = sourcecode.c.objc; path = main.m; sourceTree = "<group>"; };
		9820131D1E08C0F5001C02F7 /* AppDelegate.h */ = {isa = PBXFileReference; lastKnownFileType = sourcecode.c.h; path = AppDelegate.h; sourceTree = "<group>"; };
		9820131E1E08C0F5001C02F7 /* AppDelegate.m */ = {isa = PBXFileReference; lastKnownFileType = sourcecode.c.objc; path = AppDelegate.m; sourceTree = "<group>"; };
		982013201E08C0F5001C02F7 /* ViewController.h */ = {isa = PBXFileReference; lastKnownFileType = sourcecode.c.h; path = ViewController.h; sourceTree = "<group>"; };
		982013211E08C0F5001C02F7 /* ViewController.m */ = {isa = PBXFileReference; lastKnownFileType = sourcecode.c.objc; path = ViewController.m; sourceTree = "<group>"; };
		982013261E08C0F5001C02F7 /* Assets.xcassets */ = {isa = PBXFileReference; lastKnownFileType = folder.assetcatalog; path = Assets.xcassets; sourceTree = "<group>"; };
		9820132B1E08C0F5001C02F7 /* Info.plist */ = {isa = PBXFileReference; lastKnownFileType = text.plist.xml; path = Info.plist; sourceTree = "<group>"; };
		982013331E08C14F001C02F7 /* QuickVFL.framework */ = {isa = PBXFileReference; lastKnownFileType = wrapper.framework; path = QuickVFL.framework; sourceTree = "<group>"; };
		982013361E08C189001C02F7 /* DataCenter.h */ = {isa = PBXFileReference; fileEncoding = 4; lastKnownFileType = sourcecode.c.h; path = DataCenter.h; sourceTree = "<group>"; };
		982013371E08C189001C02F7 /* DataCenter.m */ = {isa = PBXFileReference; fileEncoding = 4; lastKnownFileType = sourcecode.c.objc; path = DataCenter.m; sourceTree = "<group>"; };
		9820133A1E08C3A0001C02F7 /* persons.db */ = {isa = PBXFileReference; lastKnownFileType = file; path = persons.db; sourceTree = "<group>"; };
		9820133C1E08C525001C02F7 /* Person.h */ = {isa = PBXFileReference; fileEncoding = 4; lastKnownFileType = sourcecode.c.h; path = Person.h; sourceTree = "<group>"; };
		9820133D1E08C525001C02F7 /* Person.m */ = {isa = PBXFileReference; fileEncoding = 4; lastKnownFileType = sourcecode.c.objc; path = Person.m; sourceTree = "<group>"; };
		9820133F1E08CBCC001C02F7 /* PersonTableViewCell.h */ = {isa = PBXFileReference; fileEncoding = 4; lastKnownFileType = sourcecode.c.h; path = PersonTableViewCell.h; sourceTree = "<group>"; };
		982013401E08CBCC001C02F7 /* PersonTableViewCell.m */ = {isa = PBXFileReference; fileEncoding = 4; lastKnownFileType = sourcecode.c.objc; path = PersonTableViewCell.m; sourceTree = "<group>"; };
		982013421E08CF14001C02F7 /* PersonListViewController.h */ = {isa = PBXFileReference; fileEncoding = 4; lastKnownFileType = sourcecode.c.h; path = PersonListViewController.h; sourceTree = "<group>"; };
		982013431E08CF14001C02F7 /* PersonListViewController.m */ = {isa = PBXFileReference; fileEncoding = 4; lastKnownFileType = sourcecode.c.objc; path = PersonListViewController.m; sourceTree = "<group>"; };
		982013471E08D121001C02F7 /* avatar.png */ = {isa = PBXFileReference; lastKnownFileType = image.png; path = avatar.png; sourceTree = "<group>"; };
		98A2C8801E137F7B009A3522 /* secretPersons.db */ = {isa = PBXFileReference; lastKnownFileType = file; path = secretPersons.db; sourceTree = "<group>"; };
		98A2C8AD1E14E80A009A3522 /* Security.framework */ = {isa = PBXFileReference; lastKnownFileType = wrapper.framework; name = Security.framework; path = System/Library/Frameworks/Security.framework; sourceTree = SDKROOT; };
		98A2C8B91E14EEA0009A3522 /* QuickSQLite.framework */ = {isa = PBXFileReference; lastKnownFileType = wrapper.framework; path = QuickSQLite.framework; sourceTree = "<group>"; };
		98A2C8C11E14F330009A3522 /* DataCenterSecret.h */ = {isa = PBXFileReference; fileEncoding = 4; lastKnownFileType = sourcecode.c.h; path = DataCenterSecret.h; sourceTree = "<group>"; };
		98A2C8C21E14F330009A3522 /* DataCenterSecret.m */ = {isa = PBXFileReference; fileEncoding = 4; lastKnownFileType = sourcecode.c.objc; path = DataCenterSecret.m; sourceTree = "<group>"; };
		98A2C8C41E14F34F009A3522 /* DataCenterClear.h */ = {isa = PBXFileReference; fileEncoding = 4; lastKnownFileType = sourcecode.c.h; path = DataCenterClear.h; sourceTree = "<group>"; };
		98A2C8C51E14F34F009A3522 /* DataCenterClear.m */ = {isa = PBXFileReference; fileEncoding = 4; lastKnownFileType = sourcecode.c.objc; path = DataCenterClear.m; sourceTree = "<group>"; };
		98A2C8C71E14FA9E009A3522 /* PerformanceTesterViewController.h */ = {isa = PBXFileReference; fileEncoding = 4; lastKnownFileType = sourcecode.c.h; path = PerformanceTesterViewController.h; sourceTree = "<group>"; };
		98A2C8C81E14FA9E009A3522 /* PerformanceTesterViewController.m */ = {isa = PBXFileReference; fileEncoding = 4; lastKnownFileType = sourcecode.c.objc; path = PerformanceTesterViewController.m; sourceTree = "<group>"; };
/* End PBXFileReference section */

/* Begin PBXFrameworksBuildPhase section */
		982013141E08C0F5001C02F7 /* Frameworks */ = {
			isa = PBXFrameworksBuildPhase;
			buildActionMask = 2147483647;
			files = (
				98A2C8BA1E14EEA0009A3522 /* QuickSQLite.framework in Frameworks */,
				98A2C8AE1E14E80A009A3522 /* Security.framework in Frameworks */,
				982013351E08C14F001C02F7 /* QuickVFL.framework in Frameworks */,
			);
			runOnlyForDeploymentPostprocessing = 0;
		};
/* End PBXFrameworksBuildPhase section */

/* Begin PBXGroup section */
		9820130E1E08C0F5001C02F7 = {
			isa = PBXGroup;
			children = (
				982013311E08C14F001C02F7 /* Frameworks */,
				982013191E08C0F5001C02F7 /* Quick SQLite Demo */,
				982013181E08C0F5001C02F7 /* Products */,
			);
			sourceTree = "<group>";
		};
		982013181E08C0F5001C02F7 /* Products */ = {
			isa = PBXGroup;
			children = (
				982013171E08C0F5001C02F7 /* Quick SQLite Demo.app */,
			);
			name = Products;
			sourceTree = "<group>";
		};
		982013191E08C0F5001C02F7 /* Quick SQLite Demo */ = {
			isa = PBXGroup;
			children = (
				9820131D1E08C0F5001C02F7 /* AppDelegate.h */,
				9820131E1E08C0F5001C02F7 /* AppDelegate.m */,
				982013261E08C0F5001C02F7 /* Assets.xcassets */,
				982013361E08C189001C02F7 /* DataCenter.h */,
				982013371E08C189001C02F7 /* DataCenter.m */,
				9820132B1E08C0F5001C02F7 /* Info.plist */,
				9820133C1E08C525001C02F7 /* Person.h */,
				9820133D1E08C525001C02F7 /* Person.m */,
				982013391E08C3A0001C02F7 /* resources */,
				9820131A1E08C0F5001C02F7 /* Supporting Files */,
				982013201E08C0F5001C02F7 /* ViewController.h */,
				982013211E08C0F5001C02F7 /* ViewController.m */,
				9820133F1E08CBCC001C02F7 /* PersonTableViewCell.h */,
				982013401E08CBCC001C02F7 /* PersonTableViewCell.m */,
				982013421E08CF14001C02F7 /* PersonListViewController.h */,
				982013431E08CF14001C02F7 /* PersonListViewController.m */,
				98A2C8C11E14F330009A3522 /* DataCenterSecret.h */,
				98A2C8C21E14F330009A3522 /* DataCenterSecret.m */,
				98A2C8C41E14F34F009A3522 /* DataCenterClear.h */,
				98A2C8C51E14F34F009A3522 /* DataCenterClear.m */,
				98A2C8C71E14FA9E009A3522 /* PerformanceTesterViewController.h */,
				98A2C8C81E14FA9E009A3522 /* PerformanceTesterViewController.m */,
			);
			path = "Quick SQLite Demo";
			sourceTree = "<group>";
		};
		9820131A1E08C0F5001C02F7 /* Supporting Files */ = {
			isa = PBXGroup;
			children = (
				9820131B1E08C0F5001C02F7 /* main.m */,
			);
			name = "Supporting Files";
			sourceTree = "<group>";
		};
		982013311E08C14F001C02F7 /* Frameworks */ = {
			isa = PBXGroup;
			children = (
				98A2C8B91E14EEA0009A3522 /* QuickSQLite.framework */,
				98A2C8AD1E14E80A009A3522 /* Security.framework */,
				982013331E08C14F001C02F7 /* QuickVFL.framework */,
			);
			path = Frameworks;
			sourceTree = "<group>";
		};
		982013391E08C3A0001C02F7 /* resources */ = {
			isa = PBXGroup;
			children = (
				98A2C8801E137F7B009A3522 /* secretPersons.db */,
				982013471E08D121001C02F7 /* avatar.png */,
				9820133A1E08C3A0001C02F7 /* persons.db */,
			);
			path = resources;
			sourceTree = "<group>";
		};
/* End PBXGroup section */

/* Begin PBXNativeTarget section */
		982013161E08C0F5001C02F7 /* Quick SQLite Demo */ = {
			isa = PBXNativeTarget;
			buildConfigurationList = 9820132E1E08C0F5001C02F7 /* Build configuration list for PBXNativeTarget "Quick SQLite Demo" */;
			buildPhases = (
				982013131E08C0F5001C02F7 /* Sources */,
				982013141E08C0F5001C02F7 /* Frameworks */,
				982013151E08C0F5001C02F7 /* Resources */,
			);
			buildRules = (
			);
			dependencies = (
			);
			name = "Quick SQLite Demo";
			productName = "Quick SQLite Demo";
			productReference = 982013171E08C0F5001C02F7 /* Quick SQLite Demo.app */;
			productType = "com.apple.product-type.application";
		};
/* End PBXNativeTarget section */

/* Begin PBXProject section */
		9820130F1E08C0F5001C02F7 /* Project object */ = {
			isa = PBXProject;
			attributes = {
				LastUpgradeCheck = 0810;
				ORGANIZATIONNAME = quick;
				TargetAttributes = {
					982013161E08C0F5001C02F7 = {
						CreatedOnToolsVersion = 8.1;
						DevelopmentTeam = 4TF6TS28RE;
						ProvisioningStyle = Automatic;
					};
				};
			};
			buildConfigurationList = 982013121E08C0F5001C02F7 /* Build configuration list for PBXProject "Quick SQLite Demo" */;
			compatibilityVersion = "Xcode 3.2";
			developmentRegion = English;
			hasScannedForEncodings = 0;
			knownRegions = (
				en,
				Base,
			);
			mainGroup = 9820130E1E08C0F5001C02F7;
			productRefGroup = 982013181E08C0F5001C02F7 /* Products */;
			projectDirPath = "";
			projectRoot = "";
			targets = (
				982013161E08C0F5001C02F7 /* Quick SQLite Demo */,
			);
		};
/* End PBXProject section */

/* Begin PBXResourcesBuildPhase section */
		982013151E08C0F5001C02F7 /* Resources */ = {
			isa = PBXResourcesBuildPhase;
			buildActionMask = 2147483647;
			files = (
				982013481E08D121001C02F7 /* avatar.png in Resources */,
				982013271E08C0F5001C02F7 /* Assets.xcassets in Resources */,
				9820133B1E08C3A0001C02F7 /* persons.db in Resources */,
				98A2C8811E137F7B009A3522 /* secretPersons.db in Resources */,
			);
			runOnlyForDeploymentPostprocessing = 0;
		};
/* End PBXResourcesBuildPhase section */

/* Begin PBXSourcesBuildPhase section */
		982013131E08C0F5001C02F7 /* Sources */ = {
			isa = PBXSourcesBuildPhase;
			buildActionMask = 2147483647;
			files = (
				982013221E08C0F5001C02F7 /* ViewController.m in Sources */,
				9820131F1E08C0F5001C02F7 /* AppDelegate.m in Sources */,
				982013411E08CBCC001C02F7 /* PersonTableViewCell.m in Sources */,
				982013441E08CF14001C02F7 /* PersonListViewController.m in Sources */,
				9820133E1E08C525001C02F7 /* Person.m in Sources */,
				98A2C8C61E14F34F009A3522 /* DataCenterClear.m in Sources */,
				982013381E08C189001C02F7 /* DataCenter.m in Sources */,
				98A2C8C31E14F330009A3522 /* DataCenterSecret.m in Sources */,
				98A2C8C91E14FA9E009A3522 /* PerformanceTesterViewController.m in Sources */,
				9820131C1E08C0F5001C02F7 /* main.m in Sources */,
			);
			runOnlyForDeploymentPostprocessing = 0;
		};
/* End PBXSourcesBuildPhase section */

/* Begin XCBuildConfiguration section */
		9820132C1E08C0F5001C02F7 /* Debug */ = {
			isa = XCBuildConfiguration;
			buildSettings = {
				ALWAYS_SEARCH_USER_PATHS = NO;
				CLANG_ANALYZER_NONNULL = YES;
				CLANG_CXX_LANGUAGE_STANDARD = "gnu++0x";
				CLANG_CXX_LIBRARY = "libc++";
				CLANG_ENABLE_MODULES = YES;
				CLANG_ENABLE_OBJC_ARC = YES;
				CLANG_WARN_BOOL_CONVERSION = YES;
				CLANG_WARN_CONSTANT_CONVERSION = YES;
				CLANG_WARN_DIRECT_OBJC_ISA_USAGE = YES_ERROR;
				CLANG_WARN_DOCUMENTATION_COMMENTS = YES;
				CLANG_WARN_EMPTY_BODY = YES;
				CLANG_WARN_ENUM_CONVERSION = YES;
				CLANG_WARN_INFINITE_RECURSION = YES;
				CLANG_WARN_INT_CONVERSION = YES;
				CLANG_WARN_OBJC_ROOT_CLASS = YES_ERROR;
				CLANG_WARN_SUSPICIOUS_MOVES = YES;
				CLANG_WARN_UNREACHABLE_CODE = YES;
				CLANG_WARN__DUPLICATE_METHOD_MATCH = YES;
				"CODE_SIGN_IDENTITY[sdk=iphoneos*]" = "iPhone Developer";
				COPY_PHASE_STRIP = NO;
				DEBUG_INFORMATION_FORMAT = dwarf;
				ENABLE_STRICT_OBJC_MSGSEND = YES;
				ENABLE_TESTABILITY = YES;
				GCC_C_LANGUAGE_STANDARD = gnu99;
				GCC_DYNAMIC_NO_PIC = NO;
				GCC_NO_COMMON_BLOCKS = YES;
				GCC_OPTIMIZATION_LEVEL = 0;
				GCC_PREPROCESSOR_DEFINITIONS = (
					"DEBUG=1",
					"$(inherited)",
				);
				GCC_WARN_64_TO_32_BIT_CONVERSION = YES;
				GCC_WARN_ABOUT_RETURN_TYPE = YES_ERROR;
				GCC_WARN_UNDECLARED_SELECTOR = YES;
				GCC_WARN_UNINITIALIZED_AUTOS = YES_AGGRESSIVE;
				GCC_WARN_UNUSED_FUNCTION = YES;
				GCC_WARN_UNUSED_VARIABLE = YES;
				IPHONEOS_DEPLOYMENT_TARGET = 10.1;
				MTL_ENABLE_DEBUG_INFO = YES;
				ONLY_ACTIVE_ARCH = YES;
				SDKROOT = iphoneos;
			};
			name = Debug;
		};
		9820132D1E08C0F5001C02F7 /* Release */ = {
			isa = XCBuildConfiguration;
			buildSettings = {
				ALWAYS_SEARCH_USER_PATHS = NO;
				CLANG_ANALYZER_NONNULL = YES;
				CLANG_CXX_LANGUAGE_STANDARD = "gnu++0x";
				CLANG_CXX_LIBRARY = "libc++";
				CLANG_ENABLE_MODULES = YES;
				CLANG_ENABLE_OBJC_ARC = YES;
				CLANG_WARN_BOOL_CONVERSION = YES;
				CLANG_WARN_CONSTANT_CONVERSION = YES;
				CLANG_WARN_DIRECT_OBJC_ISA_USAGE = YES_ERROR;
				CLANG_WARN_DOCUMENTATION_COMMENTS = YES;
				CLANG_WARN_EMPTY_BODY = YES;
				CLANG_WARN_ENUM_CONVERSION = YES;
				CLANG_WARN_INFINITE_RECURSION = YES;
				CLANG_WARN_INT_CONVERSION = YES;
				CLANG_WARN_OBJC_ROOT_CLASS = YES_ERROR;
				CLANG_WARN_SUSPICIOUS_MOVES = YES;
				CLANG_WARN_UNREACHABLE_CODE = YES;
				CLANG_WARN__DUPLICATE_METHOD_MATCH = YES;
				"CODE_SIGN_IDENTITY[sdk=iphoneos*]" = "iPhone Developer";
				COPY_PHASE_STRIP = NO;
				DEBUG_INFORMATION_FORMAT = "dwarf-with-dsym";
				ENABLE_NS_ASSERTIONS = NO;
				ENABLE_STRICT_OBJC_MSGSEND = YES;
				GCC_C_LANGUAGE_STANDARD = gnu99;
				GCC_NO_COMMON_BLOCKS = YES;
				GCC_WARN_64_TO_32_BIT_CONVERSION = YES;
				GCC_WARN_ABOUT_RETURN_TYPE = YES_ERROR;
				GCC_WARN_UNDECLARED_SELECTOR = YES;
				GCC_WARN_UNINITIALIZED_AUTOS = YES_AGGRESSIVE;
				GCC_WARN_UNUSED_FUNCTION = YES;
				GCC_WARN_UNUSED_VARIABLE = YES;
				IPHONEOS_DEPLOYMENT_TARGET = 10.1;
				MTL_ENABLE_DEBUG_INFO = NO;
				SDKROOT = iphoneos;
				VALIDATE_PRODUCT = YES;
			};
			name = Release;
		};
		9820132F1E08C0F5001C02F7 /* Debug */ = {
			isa = XCBuildConfiguration;
			buildSettings = {
				ASSETCATALOG_COMPILER_APPICON_NAME = AppIcon;
				CLANG_ALLOW_NON_MODULAR_INCLUDES_IN_FRAMEWORK_MODULES = YES;
				DEVELOPMENT_TEAM = 4TF6TS28RE;
				FRAMEWORK_SEARCH_PATHS = (
					"$(inherited)",
					"$(PROJECT_DIR)/Frameworks",
				);
				INFOPLIST_FILE = "Quick SQLite Demo/Info.plist";
				IPHONEOS_DEPLOYMENT_TARGET = 8;
				LD_RUNPATH_SEARCH_PATHS = "$(inherited) @executable_path/Frameworks";
				OTHER_LDFLAGS = "-ObjC";
				PRODUCT_BUNDLE_IDENTIFIER = "quickSQLite.Quick-SQLite-Demo";
				PRODUCT_NAME = "$(TARGET_NAME)";
			};
			name = Debug;
		};
		982013301E08C0F5001C02F7 /* Release */ = {
			isa = XCBuildConfiguration;
			buildSettings = {
				ASSETCATALOG_COMPILER_APPICON_NAME = AppIcon;
				CLANG_ALLOW_NON_MODULAR_INCLUDES_IN_FRAMEWORK_MODULES = YES;
				DEVELOPMENT_TEAM = 4TF6TS28RE;
				FRAMEWORK_SEARCH_PATHS = (
					"$(inherited)",
					"$(PROJECT_DIR)/Frameworks",
				);
				INFOPLIST_FILE = "Quick SQLite Demo/Info.plist";
				IPHONEOS_DEPLOYMENT_TARGET = 8;
				LD_RUNPATH_SEARCH_PATHS = "$(inherited) @executable_path/Frameworks";
				OTHER_LDFLAGS = "-ObjC";
				PRODUCT_BUNDLE_IDENTIFIER = "quickSQLite.Quick-SQLite-Demo";
				PRODUCT_NAME = "$(TARGET_NAME)";
			};
			name = Release;
		};
/* End XCBuildConfiguration section */

/* Begin XCConfigurationList section */
		982013121E08C0F5001C02F7 /* Build configuration list for PBXProject "Quick SQLite Demo" */ = {
			isa = XCConfigurationList;
			buildConfigurations = (
				9820132C1E08C0F5001C02F7 /* Debug */,
				9820132D1E08C0F5001C02F7 /* Release */,
			);
			defaultConfigurationIsVisible = 0;
			defaultConfigurationName = Release;
		};
		9820132E1E08C0F5001C02F7 /* Build configuration list for PBXNativeTarget "Quick SQLite Demo" */ = {
			isa = XCConfigurationList;
			buildConfigurations = (
				9820132F1E08C0F5001C02F7 /* Debug */,
				982013301E08C0F5001C02F7 /* Release */,
			);
			defaultConfigurationIsVisible = 0;
			defaultConfigurationName = Release;
		};
/* End XCConfigurationList section */
	};
	rootObject = 9820130F1E08C0F5001C02F7 /* Project object */;
}
